
Microsoft Visual Studio Solution File, Format Version 12.00
# Visual Studio Version 17
VisualStudioVersion = 17.13.35825.156 d17.13
MinimumVisualStudioVersion = 10.0.40219.1
Project("{FAE04EC0-301F-11D3-BF4B-00C04F79EFBC}") = "Imobilaria_adm", "Imobilaria_adm.csproj", "{3DE447C9-DCBE-439B-B6E3-E40C3D19231B}"
EndProject
Global
	GlobalSection(SolutionConfigurationPlatforms) = preSolution
		Debug|Any CPU = Debug|Any CPU
		Release|Any CPU = Release|Any CPU
	EndGlobalSection
	GlobalSection(ProjectConfigurationPlatforms) = postSolution
		{3DE447C9-DCBE-439B-B6E3-E40C3D19231B}.Debug|Any CPU.ActiveCfg = Debug|Any CPU
		{3DE447C9-DCBE-439B-B6E3-E40C3D19231B}.Debug|Any CPU.Build.0 = Debug|Any CPU
		{3DE447C9-DCBE-439B-B6E3-E40C3D19231B}.Release|Any CPU.ActiveCfg = Release|Any CPU
		{3DE447C9-DCBE-439B-B6E3-E40C3D19231B}.Release|Any CPU.Build.0 = Release|Any CPU
	EndGlobalSection
	GlobalSection(SolutionProperties) = preSolution
		HideSolutionNode = FALSE
	EndGlobalSection
	GlobalSection(ExtensibilityGlobals) = postSolution
		SolutionGuid = {EB0173B6-A7AD-4427-B07B-82C3427E2FB8}
	EndGlobalSection
EndGlobal
